
Microsoft Visual Studio Solution File, Format Version 12.00
# Visual Studio 15
VisualStudioVersion = 15.0.27130.2027
MinimumVisualStudioVersion = 10.0.40219.1
Project("{9A19103F-16F7-4668-BE54-9A1E7A4F7556}") = "FPIS_Projekat", "FPIS_Projekat\FPIS_Projekat.csproj", "{D1933E1A-B31B-42F6-8569-25D593709024}"
EndProject
Project("{2150E333-8FDC-42A3-9474-1A3956D46DE8}") = "src", "src", "{0678448F-5B98-405C-BC3E-C4C8928DD3DF}"
EndProject
Project("{FAE04EC0-301F-11D3-BF4B-00C04F79EFBC}") = "ApplicationCore", "ApplicationCore\ApplicationCore.csproj", "{292789E3-46DC-491C-9B28-28902FC0577A}"
EndProject
Project("{FAE04EC0-301F-11D3-BF4B-00C04F79EFBC}") = "AppInfrastructure", "AppInfrastructure\AppInfrastructure.csproj", "{C9688DAB-C266-4689-B1B3-F9DC9293EF08}"
EndProject
Project("{FAE04EC0-301F-11D3-BF4B-00C04F79EFBC}") = "WebApp", "WebApp\WebApp.csproj", "{B8B49DBC-31D7-4911-909D-B9DD88364700}"
EndProject
Global
	GlobalSection(SolutionConfigurationPlatforms) = preSolution
		Debug|Any CPU = Debug|Any CPU
		Release|Any CPU = Release|Any CPU
	EndGlobalSection
	GlobalSection(ProjectConfigurationPlatforms) = postSolution
		{D1933E1A-B31B-42F6-8569-25D593709024}.Debug|Any CPU.ActiveCfg = Debug|Any CPU
		{D1933E1A-B31B-42F6-8569-25D593709024}.Debug|Any CPU.Build.0 = Debug|Any CPU
		{D1933E1A-B31B-42F6-8569-25D593709024}.Release|Any CPU.ActiveCfg = Release|Any CPU
		{D1933E1A-B31B-42F6-8569-25D593709024}.Release|Any CPU.Build.0 = Release|Any CPU
		{292789E3-46DC-491C-9B28-28902FC0577A}.Debug|Any CPU.ActiveCfg = Debug|Any CPU
		{292789E3-46DC-491C-9B28-28902FC0577A}.Debug|Any CPU.Build.0 = Debug|Any CPU
		{292789E3-46DC-491C-9B28-28902FC0577A}.Release|Any CPU.ActiveCfg = Release|Any CPU
		{292789E3-46DC-491C-9B28-28902FC0577A}.Release|Any CPU.Build.0 = Release|Any CPU
		{C9688DAB-C266-4689-B1B3-F9DC9293EF08}.Debug|Any CPU.ActiveCfg = Debug|Any CPU
		{C9688DAB-C266-4689-B1B3-F9DC9293EF08}.Debug|Any CPU.Build.0 = Debug|Any CPU
		{C9688DAB-C266-4689-B1B3-F9DC9293EF08}.Release|Any CPU.ActiveCfg = Release|Any CPU
		{C9688DAB-C266-4689-B1B3-F9DC9293EF08}.Release|Any CPU.Build.0 = Release|Any CPU
		{B8B49DBC-31D7-4911-909D-B9DD88364700}.Debug|Any CPU.ActiveCfg = Debug|Any CPU
		{B8B49DBC-31D7-4911-909D-B9DD88364700}.Debug|Any CPU.Build.0 = Debug|Any CPU
		{B8B49DBC-31D7-4911-909D-B9DD88364700}.Release|Any CPU.ActiveCfg = Release|Any CPU
		{B8B49DBC-31D7-4911-909D-B9DD88364700}.Release|Any CPU.Build.0 = Release|Any CPU
	EndGlobalSection
	GlobalSection(SolutionProperties) = preSolution
		HideSolutionNode = FALSE
	EndGlobalSection
	GlobalSection(NestedProjects) = preSolution
		{292789E3-46DC-491C-9B28-28902FC0577A} = {0678448F-5B98-405C-BC3E-C4C8928DD3DF}
		{C9688DAB-C266-4689-B1B3-F9DC9293EF08} = {0678448F-5B98-405C-BC3E-C4C8928DD3DF}
		{B8B49DBC-31D7-4911-909D-B9DD88364700} = {0678448F-5B98-405C-BC3E-C4C8928DD3DF}
	EndGlobalSection
	GlobalSection(ExtensibilityGlobals) = postSolution
		SolutionGuid = {9CEA797D-D6C1-4B22-8693-ADD1726EFC31}
	EndGlobalSection
EndGlobal
