
Microsoft Visual Studio Solution File, Format Version 12.00
# Visual Studio Version 16
VisualStudioVersion = 16.0.30804.86
MinimumVisualStudioVersion = 10.0.40219.1
Project("{9A19103F-16F7-4668-BE54-9A1E7A4F7556}") = "FPIS_Projekat", "FPIS_Projekat\FPIS_Projekat.csproj", "{D1933E1A-B31B-42F6-8569-25D593709024}"
EndProject
Project("{2150E333-8FDC-42A3-9474-1A3956D46DE8}") = "src", "src", "{0678448F-5B98-405C-BC3E-C4C8928DD3DF}"
EndProject
Project("{FAE04EC0-301F-11D3-BF4B-00C04F79EFBC}") = "BusinessLogic", "BusinessLogic\BusinessLogic.csproj", "{9A744205-5B37-4A54-BF65-3EE61A0EA2A7}"
EndProject
Project("{FAE04EC0-301F-11D3-BF4B-00C04F79EFBC}") = "DataAccess", "DataAccess\DataAccess.csproj", "{60813BD4-6A9E-465A-93B7-C1B6E64BBC4E}"
EndProject
Project("{FAE04EC0-301F-11D3-BF4B-00C04F79EFBC}") = "Common", "Common\Common.csproj", "{75EA56BD-9090-4BB1-AFFC-A54C79B44072}"
EndProject
Project("{FAE04EC0-301F-11D3-BF4B-00C04F79EFBC}") = "WebApplication", "WebApplication\WebApplication.csproj", "{4A31A09D-C812-4F67-BA9D-A7B39493FAD8}"
EndProject
Global
	GlobalSection(SolutionConfigurationPlatforms) = preSolution
		Debug|Any CPU = Debug|Any CPU
		Release|Any CPU = Release|Any CPU
	EndGlobalSection
	GlobalSection(ProjectConfigurationPlatforms) = postSolution
		{D1933E1A-B31B-42F6-8569-25D593709024}.Debug|Any CPU.ActiveCfg = Debug|Any CPU
		{D1933E1A-B31B-42F6-8569-25D593709024}.Debug|Any CPU.Build.0 = Debug|Any CPU
		{D1933E1A-B31B-42F6-8569-25D593709024}.Release|Any CPU.ActiveCfg = Release|Any CPU
		{D1933E1A-B31B-42F6-8569-25D593709024}.Release|Any CPU.Build.0 = Release|Any CPU
		{9A744205-5B37-4A54-BF65-3EE61A0EA2A7}.Debug|Any CPU.ActiveCfg = Debug|Any CPU
		{9A744205-5B37-4A54-BF65-3EE61A0EA2A7}.Debug|Any CPU.Build.0 = Debug|Any CPU
		{9A744205-5B37-4A54-BF65-3EE61A0EA2A7}.Release|Any CPU.ActiveCfg = Release|Any CPU
		{9A744205-5B37-4A54-BF65-3EE61A0EA2A7}.Release|Any CPU.Build.0 = Release|Any CPU
		{60813BD4-6A9E-465A-93B7-C1B6E64BBC4E}.Debug|Any CPU.ActiveCfg = Debug|Any CPU
		{60813BD4-6A9E-465A-93B7-C1B6E64BBC4E}.Debug|Any CPU.Build.0 = Debug|Any CPU
		{60813BD4-6A9E-465A-93B7-C1B6E64BBC4E}.Release|Any CPU.ActiveCfg = Release|Any CPU
		{60813BD4-6A9E-465A-93B7-C1B6E64BBC4E}.Release|Any CPU.Build.0 = Release|Any CPU
		{75EA56BD-9090-4BB1-AFFC-A54C79B44072}.Debug|Any CPU.ActiveCfg = Debug|Any CPU
		{75EA56BD-9090-4BB1-AFFC-A54C79B44072}.Debug|Any CPU.Build.0 = Debug|Any CPU
		{75EA56BD-9090-4BB1-AFFC-A54C79B44072}.Release|Any CPU.ActiveCfg = Release|Any CPU
		{75EA56BD-9090-4BB1-AFFC-A54C79B44072}.Release|Any CPU.Build.0 = Release|Any CPU
		{4A31A09D-C812-4F67-BA9D-A7B39493FAD8}.Debug|Any CPU.ActiveCfg = Debug|Any CPU
		{4A31A09D-C812-4F67-BA9D-A7B39493FAD8}.Debug|Any CPU.Build.0 = Debug|Any CPU
		{4A31A09D-C812-4F67-BA9D-A7B39493FAD8}.Release|Any CPU.ActiveCfg = Release|Any CPU
		{4A31A09D-C812-4F67-BA9D-A7B39493FAD8}.Release|Any CPU.Build.0 = Release|Any CPU
	EndGlobalSection
	GlobalSection(SolutionProperties) = preSolution
		HideSolutionNode = FALSE
	EndGlobalSection
	GlobalSection(NestedProjects) = preSolution
		{9A744205-5B37-4A54-BF65-3EE61A0EA2A7} = {0678448F-5B98-405C-BC3E-C4C8928DD3DF}
		{60813BD4-6A9E-465A-93B7-C1B6E64BBC4E} = {0678448F-5B98-405C-BC3E-C4C8928DD3DF}
		{75EA56BD-9090-4BB1-AFFC-A54C79B44072} = {0678448F-5B98-405C-BC3E-C4C8928DD3DF}
		{4A31A09D-C812-4F67-BA9D-A7B39493FAD8} = {0678448F-5B98-405C-BC3E-C4C8928DD3DF}
	EndGlobalSection
	GlobalSection(ExtensibilityGlobals) = postSolution
		SolutionGuid = {9CEA797D-D6C1-4B22-8693-ADD1726EFC31}
	EndGlobalSection
EndGlobal
